// !$*UTF8*$!
{
	archiveVersion = 1;
	classes = {
	};
	objectVersion = 48;
	objects = {

/* Begin PBXBuildFile section */
		D629C2341F9001CF00206DD3 /* AppDelegate.swift in Sources */ = {isa = PBXBuildFile; fileRef = D629C2331F9001CF00206DD3 /* AppDelegate.swift */; };
		D629C2361F9001CF00206DD3 /* ViewController.swift in Sources */ = {isa = PBXBuildFile; fileRef = D629C2351F9001CF00206DD3 /* ViewController.swift */; };
		D629C2391F9001CF00206DD3 /* Main.storyboard in Resources */ = {isa = PBXBuildFile; fileRef = D629C2371F9001CF00206DD3 /* Main.storyboard */; };
		D629C23B1F9001CF00206DD3 /* Assets.xcassets in Resources */ = {isa = PBXBuildFile; fileRef = D629C23A1F9001CF00206DD3 /* Assets.xcassets */; };
		D629C23E1F9001CF00206DD3 /* LaunchScreen.storyboard in Resources */ = {isa = PBXBuildFile; fileRef = D629C23C1F9001CF00206DD3 /* LaunchScreen.storyboard */; };
		D629C2481F90F0D500206DD3 /* DeviceTableViewCell.swift in Sources */ = {isa = PBXBuildFile; fileRef = D629C2471F90F0D500206DD3 /* DeviceTableViewCell.swift */; };
		D629C24A1F9103BF00206DD3 /* DeviceTableViewController.swift in Sources */ = {isa = PBXBuildFile; fileRef = D629C2491F9103BF00206DD3 /* DeviceTableViewController.swift */; };
		D629C24C1F91055900206DD3 /* Device.swift in Sources */ = {isa = PBXBuildFile; fileRef = D629C24B1F91055900206DD3 /* Device.swift */; };
/* End PBXBuildFile section */

/* Begin PBXFileReference section */
		D629C2301F9001CF00206DD3 /* NPDashboard.app */ = {isa = PBXFileReference; explicitFileType = wrapper.application; includeInIndex = 0; path = NPDashboard.app; sourceTree = BUILT_PRODUCTS_DIR; };
		D629C2331F9001CF00206DD3 /* AppDelegate.swift */ = {isa = PBXFileReference; lastKnownFileType = sourcecode.swift; path = AppDelegate.swift; sourceTree = "<group>"; };
		D629C2351F9001CF00206DD3 /* ViewController.swift */ = {isa = PBXFileReference; lastKnownFileType = sourcecode.swift; path = ViewController.swift; sourceTree = "<group>"; };
		D629C2381F9001CF00206DD3 /* Base */ = {isa = PBXFileReference; lastKnownFileType = file.storyboard; name = Base; path = Base.lproj/Main.storyboard; sourceTree = "<group>"; };
		D629C23A1F9001CF00206DD3 /* Assets.xcassets */ = {isa = PBXFileReference; lastKnownFileType = folder.assetcatalog; path = Assets.xcassets; sourceTree = "<group>"; };
		D629C23D1F9001CF00206DD3 /* Base */ = {isa = PBXFileReference; lastKnownFileType = file.storyboard; name = Base; path = Base.lproj/LaunchScreen.storyboard; sourceTree = "<group>"; };
		D629C23F1F9001CF00206DD3 /* Info.plist */ = {isa = PBXFileReference; lastKnownFileType = text.plist.xml; path = Info.plist; sourceTree = "<group>"; };
		D629C2471F90F0D500206DD3 /* DeviceTableViewCell.swift */ = {isa = PBXFileReference; lastKnownFileType = sourcecode.swift; path = DeviceTableViewCell.swift; sourceTree = "<group>"; };
		D629C2491F9103BF00206DD3 /* DeviceTableViewController.swift */ = {isa = PBXFileReference; lastKnownFileType = sourcecode.swift; path = DeviceTableViewController.swift; sourceTree = "<group>"; };
		D629C24B1F91055900206DD3 /* Device.swift */ = {isa = PBXFileReference; lastKnownFileType = sourcecode.swift; path = Device.swift; sourceTree = "<group>"; };
/* End PBXFileReference section */

/* Begin PBXFrameworksBuildPhase section */
		D629C22D1F9001CF00206DD3 /* Frameworks */ = {
			isa = PBXFrameworksBuildPhase;
			buildActionMask = 2147483647;
			files = (
			);
			runOnlyForDeploymentPostprocessing = 0;
		};
/* End PBXFrameworksBuildPhase section */

/* Begin PBXGroup section */
		D629C2271F9001CF00206DD3 = {
			isa = PBXGroup;
			children = (
				D629C2321F9001CF00206DD3 /* NPDashboard */,
				D629C2311F9001CF00206DD3 /* Products */,
			);
			sourceTree = "<group>";
		};
		D629C2311F9001CF00206DD3 /* Products */ = {
			isa = PBXGroup;
			children = (
				D629C2301F9001CF00206DD3 /* NPDashboard.app */,
			);
			name = Products;
			sourceTree = "<group>";
		};
		D629C2321F9001CF00206DD3 /* NPDashboard */ = {
			isa = PBXGroup;
			children = (
				D629C2331F9001CF00206DD3 /* AppDelegate.swift */,
				D629C2351F9001CF00206DD3 /* ViewController.swift */,
				D629C2471F90F0D500206DD3 /* DeviceTableViewCell.swift */,
				D629C2371F9001CF00206DD3 /* Main.storyboard */,
				D629C2491F9103BF00206DD3 /* DeviceTableViewController.swift */,
				D629C24B1F91055900206DD3 /* Device.swift */,
				D629C23A1F9001CF00206DD3 /* Assets.xcassets */,
				D629C23C1F9001CF00206DD3 /* LaunchScreen.storyboard */,
				D629C23F1F9001CF00206DD3 /* Info.plist */,
			);
			path = NPDashboard;
			sourceTree = "<group>";
		};
/* End PBXGroup section */

/* Begin PBXNativeTarget section */
		D629C22F1F9001CF00206DD3 /* NPDashboard */ = {
			isa = PBXNativeTarget;
			buildConfigurationList = D629C2421F9001CF00206DD3 /* Build configuration list for PBXNativeTarget "NPDashboard" */;
			buildPhases = (
				D629C22C1F9001CF00206DD3 /* Sources */,
				D629C22D1F9001CF00206DD3 /* Frameworks */,
				D629C22E1F9001CF00206DD3 /* Resources */,
			);
			buildRules = (
			);
			dependencies = (
			);
			name = NPDashboard;
			productName = NPDashboard;
			productReference = D629C2301F9001CF00206DD3 /* NPDashboard.app */;
			productType = "com.apple.product-type.application";
		};
/* End PBXNativeTarget section */

/* Begin PBXProject section */
		D629C2281F9001CF00206DD3 /* Project object */ = {
			isa = PBXProject;
			attributes = {
				LastSwiftUpdateCheck = 0900;
				LastUpgradeCheck = 0900;
				ORGANIZATIONNAME = "Team SmartThings";
				TargetAttributes = {
					D629C22F1F9001CF00206DD3 = {
						CreatedOnToolsVersion = 9.0;
						ProvisioningStyle = Automatic;
					};
				};
			};
			buildConfigurationList = D629C22B1F9001CF00206DD3 /* Build configuration list for PBXProject "NPDashboard" */;
			compatibilityVersion = "Xcode 8.0";
			developmentRegion = en;
			hasScannedForEncodings = 0;
			knownRegions = (
				en,
				Base,
			);
			mainGroup = D629C2271F9001CF00206DD3;
			productRefGroup = D629C2311F9001CF00206DD3 /* Products */;
			projectDirPath = "";
			projectRoot = "";
			targets = (
				D629C22F1F9001CF00206DD3 /* NPDashboard */,
			);
		};
/* End PBXProject section */

/* Begin PBXResourcesBuildPhase section */
		D629C22E1F9001CF00206DD3 /* Resources */ = {
			isa = PBXResourcesBuildPhase;
			buildActionMask = 2147483647;
			files = (
				D629C23E1F9001CF00206DD3 /* LaunchScreen.storyboard in Resources */,
				D629C23B1F9001CF00206DD3 /* Assets.xcassets in Resources */,
				D629C2391F9001CF00206DD3 /* Main.storyboard in Resources */,
			);
			runOnlyForDeploymentPostprocessing = 0;
		};
/* End PBXResourcesBuildPhase section */

/* Begin PBXSourcesBuildPhase section */
		D629C22C1F9001CF00206DD3 /* Sources */ = {
			isa = PBXSourcesBuildPhase;
			buildActionMask = 2147483647;
			files = (
				D629C2361F9001CF00206DD3 /* ViewController.swift in Sources */,
				D629C24A1F9103BF00206DD3 /* DeviceTableViewController.swift in Sources */,
				D629C2481F90F0D500206DD3 /* DeviceTableViewCell.swift in Sources */,
				D629C2341F9001CF00206DD3 /* AppDelegate.swift in Sources */,
				D629C24C1F91055900206DD3 /* Device.swift in Sources */,
			);
			runOnlyForDeploymentPostprocessing = 0;
		};
/* End PBXSourcesBuildPhase section */

/* Begin PBXVariantGroup section */
		D629C2371F9001CF00206DD3 /* Main.storyboard */ = {
			isa = PBXVariantGroup;
			children = (
				D629C2381F9001CF00206DD3 /* Base */,
			);
			name = Main.storyboard;
			sourceTree = "<group>";
		};
		D629C23C1F9001CF00206DD3 /* LaunchScreen.storyboard */ = {
			isa = PBXVariantGroup;
			children = (
				D629C23D1F9001CF00206DD3 /* Base */,
			);
			name = LaunchScreen.storyboard;
			sourceTree = "<group>";
		};
/* End PBXVariantGroup section */

/* Begin XCBuildConfiguration section */
		D629C2401F9001CF00206DD3 /* Debug */ = {
			isa = XCBuildConfiguration;
			buildSettings = {
				ALWAYS_SEARCH_USER_PATHS = NO;
				CLANG_ANALYZER_NONNULL = YES;
				CLANG_ANALYZER_NUMBER_OBJECT_CONVERSION = YES_AGGRESSIVE;
				CLANG_CXX_LANGUAGE_STANDARD = "gnu++14";
				CLANG_CXX_LIBRARY = "libc++";
				CLANG_ENABLE_MODULES = YES;
				CLANG_ENABLE_OBJC_ARC = YES;
				CLANG_WARN_BLOCK_CAPTURE_AUTORELEASING = YES;
				CLANG_WARN_BOOL_CONVERSION = YES;
				CLANG_WARN_COMMA = YES;
				CLANG_WARN_CONSTANT_CONVERSION = YES;
				CLANG_WARN_DIRECT_OBJC_ISA_USAGE = YES_ERROR;
				CLANG_WARN_DOCUMENTATION_COMMENTS = YES;
				CLANG_WARN_EMPTY_BODY = YES;
				CLANG_WARN_ENUM_CONVERSION = YES;
				CLANG_WARN_INFINITE_RECURSION = YES;
				CLANG_WARN_INT_CONVERSION = YES;
				CLANG_WARN_NON_LITERAL_NULL_CONVERSION = YES;
				CLANG_WARN_OBJC_LITERAL_CONVERSION = YES;
				CLANG_WARN_OBJC_ROOT_CLASS = YES_ERROR;
				CLANG_WARN_RANGE_LOOP_ANALYSIS = YES;
				CLANG_WARN_STRICT_PROTOTYPES = YES;
				CLANG_WARN_SUSPICIOUS_MOVE = YES;
				CLANG_WARN_UNGUARDED_AVAILABILITY = YES_AGGRESSIVE;
				CLANG_WARN_UNREACHABLE_CODE = YES;
				CLANG_WARN__DUPLICATE_METHOD_MATCH = YES;
				CODE_SIGN_IDENTITY = "iPhone Developer";
				COPY_PHASE_STRIP = NO;
				DEBUG_INFORMATION_FORMAT = dwarf;
				ENABLE_STRICT_OBJC_MSGSEND = YES;
				ENABLE_TESTABILITY = YES;
				GCC_C_LANGUAGE_STANDARD = gnu11;
				GCC_DYNAMIC_NO_PIC = NO;
				GCC_NO_COMMON_BLOCKS = YES;
				GCC_OPTIMIZATION_LEVEL = 0;
				GCC_PREPROCESSOR_DEFINITIONS = (
					"DEBUG=1",
					"$(inherited)",
				);
				GCC_WARN_64_TO_32_BIT_CONVERSION = YES;
				GCC_WARN_ABOUT_RETURN_TYPE = YES_ERROR;
				GCC_WARN_UNDECLARED_SELECTOR = YES;
				GCC_WARN_UNINITIALIZED_AUTOS = YES_AGGRESSIVE;
				GCC_WARN_UNUSED_FUNCTION = YES;
				GCC_WARN_UNUSED_VARIABLE = YES;
				IPHONEOS_DEPLOYMENT_TARGET = 11.0;
				MTL_ENABLE_DEBUG_INFO = YES;
				ONLY_ACTIVE_ARCH = YES;
				SDKROOT = iphoneos;
				SWIFT_ACTIVE_COMPILATION_CONDITIONS = DEBUG;
				SWIFT_OPTIMIZATION_LEVEL = "-Onone";
			};
			name = Debug;
		};
		D629C2411F9001CF00206DD3 /* Release */ = {
			isa = XCBuildConfiguration;
			buildSettings = {
				ALWAYS_SEARCH_USER_PATHS = NO;
				CLANG_ANALYZER_NONNULL = YES;
				CLANG_ANALYZER_NUMBER_OBJECT_CONVERSION = YES_AGGRESSIVE;
				CLANG_CXX_LANGUAGE_STANDARD = "gnu++14";
				CLANG_CXX_LIBRARY = "libc++";
				CLANG_ENABLE_MODULES = YES;
				CLANG_ENABLE_OBJC_ARC = YES;
				CLANG_WARN_BLOCK_CAPTURE_AUTORELEASING = YES;
				CLANG_WARN_BOOL_CONVERSION = YES;
				CLANG_WARN_COMMA = YES;
				CLANG_WARN_CONSTANT_CONVERSION = YES;
				CLANG_WARN_DIRECT_OBJC_ISA_USAGE = YES_ERROR;
				CLANG_WARN_DOCUMENTATION_COMMENTS = YES;
				CLANG_WARN_EMPTY_BODY = YES;
				CLANG_WARN_ENUM_CONVERSION = YES;
				CLANG_WARN_INFINITE_RECURSION = YES;
				CLANG_WARN_INT_CONVERSION = YES;
				CLANG_WARN_NON_LITERAL_NULL_CONVERSION = YES;
				CLANG_WARN_OBJC_LITERAL_CONVERSION = YES;
				CLANG_WARN_OBJC_ROOT_CLASS = YES_ERROR;
				CLANG_WARN_RANGE_LOOP_ANALYSIS = YES;
				CLANG_WARN_STRICT_PROTOTYPES = YES;
				CLANG_WARN_SUSPICIOUS_MOVE = YES;
				CLANG_WARN_UNGUARDED_AVAILABILITY = YES_AGGRESSIVE;
				CLANG_WARN_UNREACHABLE_CODE = YES;
				CLANG_WARN__DUPLICATE_METHOD_MATCH = YES;
				CODE_SIGN_IDENTITY = "iPhone Developer";
				COPY_PHASE_STRIP = NO;
				DEBUG_INFORMATION_FORMAT = "dwarf-with-dsym";
				ENABLE_NS_ASSERTIONS = NO;
				ENABLE_STRICT_OBJC_MSGSEND = YES;
				GCC_C_LANGUAGE_STANDARD = gnu11;
				GCC_NO_COMMON_BLOCKS = YES;
				GCC_WARN_64_TO_32_BIT_CONVERSION = YES;
				GCC_WARN_ABOUT_RETURN_TYPE = YES_ERROR;
				GCC_WARN_UNDECLARED_SELECTOR = YES;
				GCC_WARN_UNINITIALIZED_AUTOS = YES_AGGRESSIVE;
				GCC_WARN_UNUSED_FUNCTION = YES;
				GCC_WARN_UNUSED_VARIABLE = YES;
				IPHONEOS_DEPLOYMENT_TARGET = 11.0;
				MTL_ENABLE_DEBUG_INFO = NO;
				SDKROOT = iphoneos;
				SWIFT_OPTIMIZATION_LEVEL = "-Owholemodule";
				VALIDATE_PRODUCT = YES;
			};
			name = Release;
		};
		D629C2431F9001CF00206DD3 /* Debug */ = {
			isa = XCBuildConfiguration;
			buildSettings = {
				ASSETCATALOG_COMPILER_APPICON_NAME = AppIcon;
				CODE_SIGN_STYLE = Automatic;
				DEVELOPMENT_TEAM = W748V89ZCT;
				INFOPLIST_FILE = NPDashboard/Info.plist;
				LD_RUNPATH_SEARCH_PATHS = "$(inherited) @executable_path/Frameworks";
				PRODUCT_BUNDLE_IDENTIFIER = TST.NPDashboard;
				PRODUCT_NAME = "$(TARGET_NAME)";
				SWIFT_VERSION = 4.0;
				TARGETED_DEVICE_FAMILY = "1,2";
			};
			name = Debug;
		};
		D629C2441F9001CF00206DD3 /* Release */ = {
			isa = XCBuildConfiguration;
			buildSettings = {
				ASSETCATALOG_COMPILER_APPICON_NAME = AppIcon;
				CODE_SIGN_STYLE = Automatic;
				DEVELOPMENT_TEAM = W748V89ZCT;
				INFOPLIST_FILE = NPDashboard/Info.plist;
				LD_RUNPATH_SEARCH_PATHS = "$(inherited) @executable_path/Frameworks";
				PRODUCT_BUNDLE_IDENTIFIER = TST.NPDashboard;
				PRODUCT_NAME = "$(TARGET_NAME)";
				SWIFT_VERSION = 4.0;
				TARGETED_DEVICE_FAMILY = "1,2";
			};
			name = Release;
		};
/* End XCBuildConfiguration section */

/* Begin XCConfigurationList section */
		D629C22B1F9001CF00206DD3 /* Build configuration list for PBXProject "NPDashboard" */ = {
			isa = XCConfigurationList;
			buildConfigurations = (
				D629C2401F9001CF00206DD3 /* Debug */,
				D629C2411F9001CF00206DD3 /* Release */,
			);
			defaultConfigurationIsVisible = 0;
			defaultConfigurationName = Release;
		};
		D629C2421F9001CF00206DD3 /* Build configuration list for PBXNativeTarget "NPDashboard" */ = {
			isa = XCConfigurationList;
			buildConfigurations = (
				D629C2431F9001CF00206DD3 /* Debug */,
				D629C2441F9001CF00206DD3 /* Release */,
			);
			defaultConfigurationIsVisible = 0;
			defaultConfigurationName = Release;
		};
/* End XCConfigurationList section */
	};
	rootObject = D629C2281F9001CF00206DD3 /* Project object */;
}
